{
  "name": "string-commands",
  "version": "1.0.0",
  "lockfileVersion": 2,
  "requires": true,
  "packages": {
    "": {
      "name": "string-commands",
      "version": "1.0.0",
      "license": "GPL-3.0-or-later",
      "dependencies": {
        "splitargs": "^0.0.7"
      }
    },
    "node_modules/splitargs": {
      "version": "0.0.7",
      "resolved": "https://registry.npmjs.org/splitargs/-/splitargs-0.0.7.tgz",
      "integrity": "sha512-UUFYD2oWbNwULH6WoVtLUOw8ch586B+HUqcsAjjjeoBQAM1bD4wZRXu01koaxyd8UeYpybWqW4h+lO1Okv40Tg=="
    }
  },
  "dependencies": {
    "splitargs": {
      "version": "0.0.7",
      "resolved": "https://registry.npmjs.org/splitargs/-/splitargs-0.0.7.tgz",
      "integrity": "sha512-UUFYD2oWbNwULH6WoVtLUOw8ch586B+HUqcsAjjjeoBQAM1bD4wZRXu01koaxyd8UeYpybWqW4h+lO1Okv40Tg=="
    }
  }
}
